
Microsoft Visual Studio Solution File, Format Version 12.00
Project("{FAE04EC0-301F-11D3-BF4B-00C04F79EFBC}") = "Joy", "Joy\Joy.csproj", "{791CD804-4088-4E76-8D49-B5CF352EF5B5}"
EndProject
Global
	GlobalSection(SolutionConfigurationPlatforms) = preSolution
		Debug|Any CPU = Debug|Any CPU
		Release|Any CPU = Release|Any CPU
	EndGlobalSection
	GlobalSection(ProjectConfigurationPlatforms) = postSolution
		{791CD804-4088-4E76-8D49-B5CF352EF5B5}.Debug|Any CPU.ActiveCfg = Debug|Any CPU
		{791CD804-4088-4E76-8D49-B5CF352EF5B5}.Debug|Any CPU.Build.0 = Debug|Any CPU
		{791CD804-4088-4E76-8D49-B5CF352EF5B5}.Release|Any CPU.ActiveCfg = Release|Any CPU
		{791CD804-4088-4E76-8D49-B5CF352EF5B5}.Release|Any CPU.Build.0 = Release|Any CPU
	EndGlobalSection
EndGlobal
